{
  "name": "@compulim/root",
  "version": "0.1.0-0",
  "lockfileVersion": 3,
  "requires": true,
  "packages": {
    "": {
      "name": "@compulim/root",
      "version": "0.1.0-0",
      "workspaces": [
        "packages/common",
        "packages/rpc",
        "packages/pages",
        "packages/integration-test"
      ]
    },
    "node_modules/@compulim/common": {
      "resolved": "packages/common",
      "link": true
    },
    "node_modules/@compulim/integration-test": {
      "resolved": "packages/integration-test",
      "link": true
    },
    "node_modules/@compulim/pages": {
      "resolved": "packages/pages",
      "link": true
    },
    "node_modules/$package-name": {
      "resolved": "packages/$package-local-name",
      "link": true
    },
    "packages/common": {
      "name": "@compulim/common",
      "version": "0.0.0-0"
    },
    "packages/integration-test": {
      "name": "@compulim/integration-test",
      "version": "0.0.0-0"
    },
    "packages/pages": {
      "name": "@compulim/pages",
      "version": "0.0.0-0"
    },
    "packages/$package-local-name": {
      "name": "$package-name",
      "version": "0.0.0-0"
    }
  }
}
